
Microsoft Visual Studio Solution File, Format Version 12.00
# Visual Studio 15
VisualStudioVersion = 15.0.28307.1525
MinimumVisualStudioVersion = 10.0.40219.1
Project("{FAE04EC0-301F-11D3-BF4B-00C04F79EFBC}") = "GameTests", "src\GameTests\GameTests.csproj", "{0CA85087-66D9-42E4-98CD-4D7873051FA3}"
EndProject
Project("{FAE04EC0-301F-11D3-BF4B-00C04F79EFBC}") = "GameModels", "src\GameModels\GameModels.csproj", "{0D536DF8-6F87-4D67-B2D4-F7C1B91D0B57}"
EndProject
Global
	GlobalSection(SolutionConfigurationPlatforms) = preSolution
		Debug|Any CPU = Debug|Any CPU
		Release|Any CPU = Release|Any CPU
	EndGlobalSection
	GlobalSection(ProjectConfigurationPlatforms) = postSolution
		{0CA85087-66D9-42E4-98CD-4D7873051FA3}.Debug|Any CPU.ActiveCfg = Debug|Any CPU
		{0CA85087-66D9-42E4-98CD-4D7873051FA3}.Debug|Any CPU.Build.0 = Debug|Any CPU
		{0CA85087-66D9-42E4-98CD-4D7873051FA3}.Release|Any CPU.ActiveCfg = Release|Any CPU
		{0CA85087-66D9-42E4-98CD-4D7873051FA3}.Release|Any CPU.Build.0 = Release|Any CPU
		{0D536DF8-6F87-4D67-B2D4-F7C1B91D0B57}.Debug|Any CPU.ActiveCfg = Debug|Any CPU
		{0D536DF8-6F87-4D67-B2D4-F7C1B91D0B57}.Debug|Any CPU.Build.0 = Debug|Any CPU
		{0D536DF8-6F87-4D67-B2D4-F7C1B91D0B57}.Release|Any CPU.ActiveCfg = Release|Any CPU
		{0D536DF8-6F87-4D67-B2D4-F7C1B91D0B57}.Release|Any CPU.Build.0 = Release|Any CPU
	EndGlobalSection
	GlobalSection(SolutionProperties) = preSolution
		HideSolutionNode = FALSE
	EndGlobalSection
	GlobalSection(ExtensibilityGlobals) = postSolution
		SolutionGuid = {BB7C014D-D2C6-4708-832B-077EF83EA1B6}
	EndGlobalSection
EndGlobal
